<?xml version="1.0" encoding="utf-8"?>
<Project ToolsVersion="4.0" xmlns="http://schemas.microsoft.com/developer/msbuild/2003">
  <ItemGroup>
    <Filter Include="Entities">
      <UniqueIdentifier>{93995380-89BD-4b04-88EB-625FBE52EBFB}</UniqueIdentifier>
      <Extensions>h;hh;hpp;hxx;h++;hm;inl;inc;ipp;xsd</Extensions>
    </Filter>
    <Filter Include="Manager">
      <UniqueIdentifier>{4FC737F1-C7A5-4376-A066-2A32D752A2FF}</UniqueIdentifier>
      <Extensions>cpp;c;cc;cxx;c++;cppm;ixx;def;odl;idl;hpj;bat;asm;asmx</Extensions>
    </Filter>
    <Filter Include="Screens">
      <UniqueIdentifier>{67DA6AB6-F800-4c08-8B7A-83BB121AAD01}</UniqueIdentifier>
      <Extensions>rc;ico;cur;bmp;dlg;rc2;rct;bin;rgs;gif;jpg;jpeg;jpe;resx;tiff;tif;png;wav;mfcribbon-ms</Extensions>
    </Filter>
    <Filter Include="audio">
      <UniqueIdentifier>{5c2dba42-91bc-42d4-8a84-94587f121880}</UniqueIdentifier>
    </Filter>
  </ItemGroup>
  <ItemGroup>
    <ClCompile Include="src\screens\Credits.cpp">
      <Filter>Screens</Filter>
    </ClCompile>
    <ClCompile Include="src\screens\game_over_screen.cpp">
      <Filter>Screens</Filter>
    </ClCompile>
    <ClCompile Include="src\screens\game_screen.cpp">
      <Filter>Screens</Filter>
    </ClCompile>
    <ClCompile Include="src\screens\menu_screen.cpp">
      <Filter>Screens</Filter>
    </ClCompile>
    <ClCompile Include="src\manager\manager.cpp">
      <Filter>Manager</Filter>
    </ClCompile>
    <ClCompile Include="src\entities\Ball.cpp">
      <Filter>Entities</Filter>
    </ClCompile>
    <ClCompile Include="src\entities\Brick.cpp">
      <Filter>Entities</Filter>
    </ClCompile>
    <ClCompile Include="src\entities\Player.cpp">
      <Filter>Entities</Filter>
    </ClCompile>
    <ClCompile Include="src\audio\audio.cpp">
      <Filter>audio</Filter>
    </ClCompile>
    <ClCompile Include="src\main.cpp" />
  </ItemGroup>
  <ItemGroup>
    <ClInclude Include="src\screens\Credits.h">
      <Filter>Screens</Filter>
    </ClInclude>
    <ClInclude Include="src\screens\game_over_screen.h">
      <Filter>Screens</Filter>
    </ClInclude>
    <ClInclude Include="src\screens\game_screen.h">
      <Filter>Screens</Filter>
    </ClInclude>
    <ClInclude Include="src\screens\menu_screen.h">
      <Filter>Screens</Filter>
    </ClInclude>
    <ClInclude Include="src\manager\manager.h">
      <Filter>Manager</Filter>
    </ClInclude>
    <ClInclude Include="src\entities\Ball.h">
      <Filter>Entities</Filter>
    </ClInclude>
    <ClInclude Include="src\entities\Brick.h">
      <Filter>Entities</Filter>
    </ClInclude>
    <ClInclude Include="src\entities\Player.h">
      <Filter>Entities</Filter>
    </ClInclude>
    <ClInclude Include="src\audio\audio.h">
      <Filter>audio</Filter>
    </ClInclude>
  </ItemGroup>
</Project>